
Microsoft Visual Studio Solution File, Format Version 12.00
# Visual Studio Version 17
VisualStudioVersion = 17.2.32630.192
MinimumVisualStudioVersion = 10.0.40219.1
Project("{FAE04EC0-301F-11D3-BF4B-00C04F79EFBC}") = "Act_Veterinaria", "Act_Veterinaria.csproj", "{93D0904B-DCBD-4E0B-B1BF-B7DC88C9367C}"
EndProject
Global
	GlobalSection(SolutionConfigurationPlatforms) = preSolution
		Debug|Any CPU = Debug|Any CPU
		Release|Any CPU = Release|Any CPU
	EndGlobalSection
	GlobalSection(ProjectConfigurationPlatforms) = postSolution
		{93D0904B-DCBD-4E0B-B1BF-B7DC88C9367C}.Debug|Any CPU.ActiveCfg = Debug|Any CPU
		{93D0904B-DCBD-4E0B-B1BF-B7DC88C9367C}.Debug|Any CPU.Build.0 = Debug|Any CPU
		{93D0904B-DCBD-4E0B-B1BF-B7DC88C9367C}.Release|Any CPU.ActiveCfg = Release|Any CPU
		{93D0904B-DCBD-4E0B-B1BF-B7DC88C9367C}.Release|Any CPU.Build.0 = Release|Any CPU
	EndGlobalSection
	GlobalSection(SolutionProperties) = preSolution
		HideSolutionNode = FALSE
	EndGlobalSection
	GlobalSection(ExtensibilityGlobals) = postSolution
		SolutionGuid = {76B1C54F-5CEE-4C01-A71F-084FAB3B644A}
	EndGlobalSection
EndGlobal
